// !$*UTF8*$!
{
	archiveVersion = 1;
	classes = {
	};
	objectVersion = 55;
	objects = {

/* Begin PBXBuildFile section */
		13D5CE1D27FB2C330023AF2F /* ContentView.swift in Sources */ = {isa = PBXBuildFile; fileRef = 13D5CE1C27FB2C330023AF2F /* ContentView.swift */; };
		D188306827F3349800984979 /* ListenButton.swift in Sources */ = {isa = PBXBuildFile; fileRef = D188306727F3349800984979 /* ListenButton.swift */; };
		D188306A27F338EA00984979 /* ChartView.swift in Sources */ = {isa = PBXBuildFile; fileRef = D188306927F338EA00984979 /* ChartView.swift */; };
		D199FA8127F1FB3400252722 /* envsoundclassifierApp.swift in Sources */ = {isa = PBXBuildFile; fileRef = D199FA8027F1FB3400252722 /* envsoundclassifierApp.swift */; };
		D199FA8527F1FB3600252722 /* Assets.xcassets in Resources */ = {isa = PBXBuildFile; fileRef = D199FA8427F1FB3600252722 /* Assets.xcassets */; };
		D199FA8827F1FB3600252722 /* Preview Assets.xcassets in Resources */ = {isa = PBXBuildFile; fileRef = D199FA8727F1FB3600252722 /* Preview Assets.xcassets */; };
		D199FA9127F1FB4900252722 /* AudioStreamObserver.swift in Sources */ = {isa = PBXBuildFile; fileRef = D199FA8E27F1FB4900252722 /* AudioStreamObserver.swift */; };
		D199FA9227F1FB4900252722 /* RTSoundClassifier.swift in Sources */ = {isa = PBXBuildFile; fileRef = D199FA8F27F1FB4900252722 /* RTSoundClassifier.swift */; };
		D199FA9327F1FB4900252722 /* AudioStreamManager.swift in Sources */ = {isa = PBXBuildFile; fileRef = D199FA9027F1FB4900252722 /* AudioStreamManager.swift */; };
		D1E3055327F32E450032D1B7 /* EnvSoundClassifier.mlmodel in Sources */ = {isa = PBXBuildFile; fileRef = D1E3055227F32E450032D1B7 /* EnvSoundClassifier.mlmodel */; };
/* End PBXBuildFile section */

/* Begin PBXFileReference section */
		13D5CE1C27FB2C330023AF2F /* ContentView.swift */ = {isa = PBXFileReference; fileEncoding = 4; lastKnownFileType = sourcecode.swift; path = ContentView.swift; sourceTree = "<group>"; };
		D188306727F3349800984979 /* ListenButton.swift */ = {isa = PBXFileReference; lastKnownFileType = sourcecode.swift; path = ListenButton.swift; sourceTree = "<group>"; };
		D188306927F338EA00984979 /* ChartView.swift */ = {isa = PBXFileReference; lastKnownFileType = sourcecode.swift; path = ChartView.swift; sourceTree = "<group>"; };
		D199FA7D27F1FB3400252722 /* envsoundclassifier.app */ = {isa = PBXFileReference; explicitFileType = wrapper.application; includeInIndex = 0; path = envsoundclassifier.app; sourceTree = BUILT_PRODUCTS_DIR; };
		D199FA8027F1FB3400252722 /* envsoundclassifierApp.swift */ = {isa = PBXFileReference; lastKnownFileType = sourcecode.swift; path = envsoundclassifierApp.swift; sourceTree = "<group>"; };
		D199FA8427F1FB3600252722 /* Assets.xcassets */ = {isa = PBXFileReference; lastKnownFileType = folder.assetcatalog; path = Assets.xcassets; sourceTree = "<group>"; };
		D199FA8727F1FB3600252722 /* Preview Assets.xcassets */ = {isa = PBXFileReference; lastKnownFileType = folder.assetcatalog; path = "Preview Assets.xcassets"; sourceTree = "<group>"; };
		D199FA8E27F1FB4900252722 /* AudioStreamObserver.swift */ = {isa = PBXFileReference; fileEncoding = 4; lastKnownFileType = sourcecode.swift; path = AudioStreamObserver.swift; sourceTree = "<group>"; };
		D199FA8F27F1FB4900252722 /* RTSoundClassifier.swift */ = {isa = PBXFileReference; fileEncoding = 4; lastKnownFileType = sourcecode.swift; path = RTSoundClassifier.swift; sourceTree = "<group>"; };
		D199FA9027F1FB4900252722 /* AudioStreamManager.swift */ = {isa = PBXFileReference; fileEncoding = 4; lastKnownFileType = sourcecode.swift; path = AudioStreamManager.swift; sourceTree = "<group>"; };
		D1E3055227F32E450032D1B7 /* EnvSoundClassifier.mlmodel */ = {isa = PBXFileReference; lastKnownFileType = file.mlmodel; path = EnvSoundClassifier.mlmodel; sourceTree = "<group>"; };
/* End PBXFileReference section */

/* Begin PBXFrameworksBuildPhase section */
		D199FA7A27F1FB3400252722 /* Frameworks */ = {
			isa = PBXFrameworksBuildPhase;
			buildActionMask = 2147483647;
			files = (
			);
			runOnlyForDeploymentPostprocessing = 0;
		};
/* End PBXFrameworksBuildPhase section */

/* Begin PBXGroup section */
		D199FA7427F1FB3400252722 = {
			isa = PBXGroup;
			children = (
				D199FA7F27F1FB3400252722 /* envsoundclassifier */,
				D199FA7E27F1FB3400252722 /* Products */,
			);
			sourceTree = "<group>";
		};
		D199FA7E27F1FB3400252722 /* Products */ = {
			isa = PBXGroup;
			children = (
				D199FA7D27F1FB3400252722 /* envsoundclassifier.app */,
			);
			name = Products;
			sourceTree = "<group>";
		};
		D199FA7F27F1FB3400252722 /* envsoundclassifier */ = {
			isa = PBXGroup;
			children = (
				13D5CE1C27FB2C330023AF2F /* ContentView.swift */,
				D199FA8027F1FB3400252722 /* envsoundclassifierApp.swift */,
				D188306727F3349800984979 /* ListenButton.swift */,
				D199FA9027F1FB4900252722 /* AudioStreamManager.swift */,
				D199FA8E27F1FB4900252722 /* AudioStreamObserver.swift */,
				D188306927F338EA00984979 /* ChartView.swift */,
				D1E3055227F32E450032D1B7 /* EnvSoundClassifier.mlmodel */,
				D199FA8F27F1FB4900252722 /* RTSoundClassifier.swift */,
				D199FA8427F1FB3600252722 /* Assets.xcassets */,
				D199FA8627F1FB3600252722 /* Preview Content */,
			);
			path = envsoundclassifier;
			sourceTree = "<group>";
		};
		D199FA8627F1FB3600252722 /* Preview Content */ = {
			isa = PBXGroup;
			children = (
				D199FA8727F1FB3600252722 /* Preview Assets.xcassets */,
			);
			path = "Preview Content";
			sourceTree = "<group>";
		};
/* End PBXGroup section */

/* Begin PBXNativeTarget section */
		D199FA7C27F1FB3400252722 /* envsoundclassifier */ = {
			isa = PBXNativeTarget;
			buildConfigurationList = D199FA8B27F1FB3600252722 /* Build configuration list for PBXNativeTarget "envsoundclassifier" */;
			buildPhases = (
				D199FA7927F1FB3400252722 /* Sources */,
				D199FA7A27F1FB3400252722 /* Frameworks */,
				D199FA7B27F1FB3400252722 /* Resources */,
			);
			buildRules = (
			);
			dependencies = (
			);
			name = envsoundclassifier;
			productName = envsoundclassifier;
			productReference = D199FA7D27F1FB3400252722 /* envsoundclassifier.app */;
			productType = "com.apple.product-type.application";
		};
/* End PBXNativeTarget section */

/* Begin PBXProject section */
		D199FA7527F1FB3400252722 /* Project object */ = {
			isa = PBXProject;
			attributes = {
				BuildIndependentTargetsInParallel = 1;
				LastSwiftUpdateCheck = 1330;
				LastUpgradeCheck = 1330;
				TargetAttributes = {
					D199FA7C27F1FB3400252722 = {
						CreatedOnToolsVersion = 13.3;
					};
				};
			};
			buildConfigurationList = D199FA7827F1FB3400252722 /* Build configuration list for PBXProject "envsoundclassifier" */;
			compatibilityVersion = "Xcode 13.0";
			developmentRegion = en;
			hasScannedForEncodings = 0;
			knownRegions = (
				en,
				Base,
			);
			mainGroup = D199FA7427F1FB3400252722;
			productRefGroup = D199FA7E27F1FB3400252722 /* Products */;
			projectDirPath = "";
			projectRoot = "";
			targets = (
				D199FA7C27F1FB3400252722 /* envsoundclassifier */,
			);
		};
/* End PBXProject section */

/* Begin PBXResourcesBuildPhase section */
		D199FA7B27F1FB3400252722 /* Resources */ = {
			isa = PBXResourcesBuildPhase;
			buildActionMask = 2147483647;
			files = (
				D199FA8827F1FB3600252722 /* Preview Assets.xcassets in Resources */,
				D199FA8527F1FB3600252722 /* Assets.xcassets in Resources */,
			);
			runOnlyForDeploymentPostprocessing = 0;
		};
/* End PBXResourcesBuildPhase section */

/* Begin PBXSourcesBuildPhase section */
		D199FA7927F1FB3400252722 /* Sources */ = {
			isa = PBXSourcesBuildPhase;
			buildActionMask = 2147483647;
			files = (
				D199FA9327F1FB4900252722 /* AudioStreamManager.swift in Sources */,
				D188306827F3349800984979 /* ListenButton.swift in Sources */,
				D199FA9127F1FB4900252722 /* AudioStreamObserver.swift in Sources */,
				D1E3055327F32E450032D1B7 /* EnvSoundClassifier.mlmodel in Sources */,
				13D5CE1D27FB2C330023AF2F /* ContentView.swift in Sources */,
				D199FA9227F1FB4900252722 /* RTSoundClassifier.swift in Sources */,
				D199FA8127F1FB3400252722 /* envsoundclassifierApp.swift in Sources */,
				D188306A27F338EA00984979 /* ChartView.swift in Sources */,
			);
			runOnlyForDeploymentPostprocessing = 0;
		};
/* End PBXSourcesBuildPhase section */

/* Begin XCBuildConfiguration section */
		D199FA8927F1FB3600252722 /* Debug */ = {
			isa = XCBuildConfiguration;
			buildSettings = {
				ALWAYS_SEARCH_USER_PATHS = NO;
				CLANG_ANALYZER_NONNULL = YES;
				CLANG_ANALYZER_NUMBER_OBJECT_CONVERSION = YES_AGGRESSIVE;
				CLANG_CXX_LANGUAGE_STANDARD = "gnu++17";
				CLANG_ENABLE_MODULES = YES;
				CLANG_ENABLE_OBJC_ARC = YES;
				CLANG_ENABLE_OBJC_WEAK = YES;
				CLANG_WARN_BLOCK_CAPTURE_AUTORELEASING = YES;
				CLANG_WARN_BOOL_CONVERSION = YES;
				CLANG_WARN_COMMA = YES;
				CLANG_WARN_CONSTANT_CONVERSION = YES;
				CLANG_WARN_DEPRECATED_OBJC_IMPLEMENTATIONS = YES;
				CLANG_WARN_DIRECT_OBJC_ISA_USAGE = YES_ERROR;
				CLANG_WARN_DOCUMENTATION_COMMENTS = YES;
				CLANG_WARN_EMPTY_BODY = YES;
				CLANG_WARN_ENUM_CONVERSION = YES;
				CLANG_WARN_INFINITE_RECURSION = YES;
				CLANG_WARN_INT_CONVERSION = YES;
				CLANG_WARN_NON_LITERAL_NULL_CONVERSION = YES;
				CLANG_WARN_OBJC_IMPLICIT_RETAIN_SELF = YES;
				CLANG_WARN_OBJC_LITERAL_CONVERSION = YES;
				CLANG_WARN_OBJC_ROOT_CLASS = YES_ERROR;
				CLANG_WARN_QUOTED_INCLUDE_IN_FRAMEWORK_HEADER = YES;
				CLANG_WARN_RANGE_LOOP_ANALYSIS = YES;
				CLANG_WARN_STRICT_PROTOTYPES = YES;
				CLANG_WARN_SUSPICIOUS_MOVE = YES;
				CLANG_WARN_UNGUARDED_AVAILABILITY = YES_AGGRESSIVE;
				CLANG_WARN_UNREACHABLE_CODE = YES;
				CLANG_WARN__DUPLICATE_METHOD_MATCH = YES;
				COPY_PHASE_STRIP = NO;
				DEBUG_INFORMATION_FORMAT = dwarf;
				ENABLE_STRICT_OBJC_MSGSEND = YES;
				ENABLE_TESTABILITY = YES;
				GCC_C_LANGUAGE_STANDARD = gnu11;
				GCC_DYNAMIC_NO_PIC = NO;
				GCC_NO_COMMON_BLOCKS = YES;
				GCC_OPTIMIZATION_LEVEL = 0;
				GCC_PREPROCESSOR_DEFINITIONS = (
					"DEBUG=1",
					"$(inherited)",
				);
				GCC_WARN_64_TO_32_BIT_CONVERSION = YES;
				GCC_WARN_ABOUT_RETURN_TYPE = YES_ERROR;
				GCC_WARN_UNDECLARED_SELECTOR = YES;
				GCC_WARN_UNINITIALIZED_AUTOS = YES_AGGRESSIVE;
				GCC_WARN_UNUSED_FUNCTION = YES;
				GCC_WARN_UNUSED_VARIABLE = YES;
				IPHONEOS_DEPLOYMENT_TARGET = 15.4;
				MTL_ENABLE_DEBUG_INFO = INCLUDE_SOURCE;
				MTL_FAST_MATH = YES;
				ONLY_ACTIVE_ARCH = YES;
				SDKROOT = iphoneos;
				SWIFT_ACTIVE_COMPILATION_CONDITIONS = DEBUG;
				SWIFT_OPTIMIZATION_LEVEL = "-Onone";
			};
			name = Debug;
		};
		D199FA8A27F1FB3600252722 /* Release */ = {
			isa = XCBuildConfiguration;
			buildSettings = {
				ALWAYS_SEARCH_USER_PATHS = NO;
				CLANG_ANALYZER_NONNULL = YES;
				CLANG_ANALYZER_NUMBER_OBJECT_CONVERSION = YES_AGGRESSIVE;
				CLANG_CXX_LANGUAGE_STANDARD = "gnu++17";
				CLANG_ENABLE_MODULES = YES;
				CLANG_ENABLE_OBJC_ARC = YES;
				CLANG_ENABLE_OBJC_WEAK = YES;
				CLANG_WARN_BLOCK_CAPTURE_AUTORELEASING = YES;
				CLANG_WARN_BOOL_CONVERSION = YES;
				CLANG_WARN_COMMA = YES;
				CLANG_WARN_CONSTANT_CONVERSION = YES;
				CLANG_WARN_DEPRECATED_OBJC_IMPLEMENTATIONS = YES;
				CLANG_WARN_DIRECT_OBJC_ISA_USAGE = YES_ERROR;
				CLANG_WARN_DOCUMENTATION_COMMENTS = YES;
				CLANG_WARN_EMPTY_BODY = YES;
				CLANG_WARN_ENUM_CONVERSION = YES;
				CLANG_WARN_INFINITE_RECURSION = YES;
				CLANG_WARN_INT_CONVERSION = YES;
				CLANG_WARN_NON_LITERAL_NULL_CONVERSION = YES;
				CLANG_WARN_OBJC_IMPLICIT_RETAIN_SELF = YES;
				CLANG_WARN_OBJC_LITERAL_CONVERSION = YES;
				CLANG_WARN_OBJC_ROOT_CLASS = YES_ERROR;
				CLANG_WARN_QUOTED_INCLUDE_IN_FRAMEWORK_HEADER = YES;
				CLANG_WARN_RANGE_LOOP_ANALYSIS = YES;
				CLANG_WARN_STRICT_PROTOTYPES = YES;
				CLANG_WARN_SUSPICIOUS_MOVE = YES;
				CLANG_WARN_UNGUARDED_AVAILABILITY = YES_AGGRESSIVE;
				CLANG_WARN_UNREACHABLE_CODE = YES;
				CLANG_WARN__DUPLICATE_METHOD_MATCH = YES;
				COPY_PHASE_STRIP = NO;
				DEBUG_INFORMATION_FORMAT = "dwarf-with-dsym";
				ENABLE_NS_ASSERTIONS = NO;
				ENABLE_STRICT_OBJC_MSGSEND = YES;
				GCC_C_LANGUAGE_STANDARD = gnu11;
				GCC_NO_COMMON_BLOCKS = YES;
				GCC_WARN_64_TO_32_BIT_CONVERSION = YES;
				GCC_WARN_ABOUT_RETURN_TYPE = YES_ERROR;
				GCC_WARN_UNDECLARED_SELECTOR = YES;
				GCC_WARN_UNINITIALIZED_AUTOS = YES_AGGRESSIVE;
				GCC_WARN_UNUSED_FUNCTION = YES;
				GCC_WARN_UNUSED_VARIABLE = YES;
				IPHONEOS_DEPLOYMENT_TARGET = 15.4;
				MTL_ENABLE_DEBUG_INFO = NO;
				MTL_FAST_MATH = YES;
				SDKROOT = iphoneos;
				SWIFT_COMPILATION_MODE = wholemodule;
				SWIFT_OPTIMIZATION_LEVEL = "-O";
				VALIDATE_PRODUCT = YES;
			};
			name = Release;
		};
		D199FA8C27F1FB3600252722 /* Debug */ = {
			isa = XCBuildConfiguration;
			buildSettings = {
				ASSETCATALOG_COMPILER_APPICON_NAME = AppIcon;
				ASSETCATALOG_COMPILER_GLOBAL_ACCENT_COLOR_NAME = AccentColor;
				CODE_SIGN_STYLE = Automatic;
				CURRENT_PROJECT_VERSION = 1;
				DEVELOPMENT_ASSET_PATHS = "\"envsoundclassifier/Preview Content\"";
				DEVELOPMENT_TEAM = 6BKUGQ795B;
				ENABLE_PREVIEWS = YES;
				GENERATE_INFOPLIST_FILE = YES;
				INFOPLIST_KEY_NSMicrophoneUsageDescription = "";
				INFOPLIST_KEY_UIApplicationSceneManifest_Generation = YES;
				INFOPLIST_KEY_UIApplicationSupportsIndirectInputEvents = YES;
				INFOPLIST_KEY_UILaunchScreen_Generation = YES;
				INFOPLIST_KEY_UISupportedInterfaceOrientations_iPad = "UIInterfaceOrientationPortrait UIInterfaceOrientationPortraitUpsideDown UIInterfaceOrientationLandscapeLeft UIInterfaceOrientationLandscapeRight";
				INFOPLIST_KEY_UISupportedInterfaceOrientations_iPhone = "UIInterfaceOrientationPortrait UIInterfaceOrientationLandscapeLeft UIInterfaceOrientationLandscapeRight";
				IPHONEOS_DEPLOYMENT_TARGET = 15.1;
				LD_RUNPATH_SEARCH_PATHS = (
					"$(inherited)",
					"@executable_path/Frameworks",
				);
				MARKETING_VERSION = 1.0;
				PRODUCT_BUNDLE_IDENTIFIER = simonegiordano.envsoundclassifier;
				PRODUCT_NAME = "$(TARGET_NAME)";
				SWIFT_EMIT_LOC_STRINGS = YES;
				SWIFT_VERSION = 5.0;
				TARGETED_DEVICE_FAMILY = 1;
			};
			name = Debug;
		};
		D199FA8D27F1FB3600252722 /* Release */ = {
			isa = XCBuildConfiguration;
			buildSettings = {
				ASSETCATALOG_COMPILER_APPICON_NAME = AppIcon;
				ASSETCATALOG_COMPILER_GLOBAL_ACCENT_COLOR_NAME = AccentColor;
				CODE_SIGN_STYLE = Automatic;
				CURRENT_PROJECT_VERSION = 1;
				DEVELOPMENT_ASSET_PATHS = "\"envsoundclassifier/Preview Content\"";
				DEVELOPMENT_TEAM = 6BKUGQ795B;
				ENABLE_PREVIEWS = YES;
				GENERATE_INFOPLIST_FILE = YES;
				INFOPLIST_KEY_NSMicrophoneUsageDescription = "";
				INFOPLIST_KEY_UIApplicationSceneManifest_Generation = YES;
				INFOPLIST_KEY_UIApplicationSupportsIndirectInputEvents = YES;
				INFOPLIST_KEY_UILaunchScreen_Generation = YES;
				INFOPLIST_KEY_UISupportedInterfaceOrientations_iPad = "UIInterfaceOrientationPortrait UIInterfaceOrientationPortraitUpsideDown UIInterfaceOrientationLandscapeLeft UIInterfaceOrientationLandscapeRight";
				INFOPLIST_KEY_UISupportedInterfaceOrientations_iPhone = "UIInterfaceOrientationPortrait UIInterfaceOrientationLandscapeLeft UIInterfaceOrientationLandscapeRight";
				IPHONEOS_DEPLOYMENT_TARGET = 15.1;
				LD_RUNPATH_SEARCH_PATHS = (
					"$(inherited)",
					"@executable_path/Frameworks",
				);
				MARKETING_VERSION = 1.0;
				PRODUCT_BUNDLE_IDENTIFIER = simonegiordano.envsoundclassifier;
				PRODUCT_NAME = "$(TARGET_NAME)";
				SWIFT_EMIT_LOC_STRINGS = YES;
				SWIFT_VERSION = 5.0;
				TARGETED_DEVICE_FAMILY = 1;
			};
			name = Release;
		};
/* End XCBuildConfiguration section */

/* Begin XCConfigurationList section */
		D199FA7827F1FB3400252722 /* Build configuration list for PBXProject "envsoundclassifier" */ = {
			isa = XCConfigurationList;
			buildConfigurations = (
				D199FA8927F1FB3600252722 /* Debug */,
				D199FA8A27F1FB3600252722 /* Release */,
			);
			defaultConfigurationIsVisible = 0;
			defaultConfigurationName = Release;
		};
		D199FA8B27F1FB3600252722 /* Build configuration list for PBXNativeTarget "envsoundclassifier" */ = {
			isa = XCConfigurationList;
			buildConfigurations = (
				D199FA8C27F1FB3600252722 /* Debug */,
				D199FA8D27F1FB3600252722 /* Release */,
			);
			defaultConfigurationIsVisible = 0;
			defaultConfigurationName = Release;
		};
/* End XCConfigurationList section */
	};
	rootObject = D199FA7527F1FB3400252722 /* Project object */;
}
